// !$*UTF8*$!
{
	archiveVersion = 1;
	classes = {
	};
	objectVersion = 50;
	objects = {

/* Begin PBXBuildFile section */
		18CCC90224999B9C00F93082 /* AppDelegate.swift in Sources */ = {isa = PBXBuildFile; fileRef = 18CCC90124999B9C00F93082 /* AppDelegate.swift */; };
		18CCC90424999B9C00F93082 /* SceneDelegate.swift in Sources */ = {isa = PBXBuildFile; fileRef = 18CCC90324999B9C00F93082 /* SceneDelegate.swift */; };
		18CCC90624999B9C00F93082 /* ViewController.swift in Sources */ = {isa = PBXBuildFile; fileRef = 18CCC90524999B9C00F93082 /* ViewController.swift */; };
		18CCC90924999B9C00F93082 /* Main.storyboard in Resources */ = {isa = PBXBuildFile; fileRef = 18CCC90724999B9C00F93082 /* Main.storyboard */; };
		18CCC90B24999BA200F93082 /* Assets.xcassets in Resources */ = {isa = PBXBuildFile; fileRef = 18CCC90A24999BA200F93082 /* Assets.xcassets */; };
		18CCC90E24999BA200F93082 /* LaunchScreen.storyboard in Resources */ = {isa = PBXBuildFile; fileRef = 18CCC90C24999BA200F93082 /* LaunchScreen.storyboard */; };
/* End PBXBuildFile section */

/* Begin PBXFileReference section */
		18CCC8FE24999B9C00F93082 /* toVisitPlaces_ram_c0779370.app */ = {isa = PBXFileReference; explicitFileType = wrapper.application; includeInIndex = 0; path = toVisitPlaces_ram_c0779370.app; sourceTree = BUILT_PRODUCTS_DIR; };
		18CCC90124999B9C00F93082 /* AppDelegate.swift */ = {isa = PBXFileReference; lastKnownFileType = sourcecode.swift; path = AppDelegate.swift; sourceTree = "<group>"; };
		18CCC90324999B9C00F93082 /* SceneDelegate.swift */ = {isa = PBXFileReference; lastKnownFileType = sourcecode.swift; path = SceneDelegate.swift; sourceTree = "<group>"; };
		18CCC90524999B9C00F93082 /* ViewController.swift */ = {isa = PBXFileReference; lastKnownFileType = sourcecode.swift; path = ViewController.swift; sourceTree = "<group>"; };
		18CCC90824999B9C00F93082 /* Base */ = {isa = PBXFileReference; lastKnownFileType = file.storyboard; name = Base; path = Base.lproj/Main.storyboard; sourceTree = "<group>"; };
		18CCC90A24999BA200F93082 /* Assets.xcassets */ = {isa = PBXFileReference; lastKnownFileType = folder.assetcatalog; path = Assets.xcassets; sourceTree = "<group>"; };
		18CCC90D24999BA200F93082 /* Base */ = {isa = PBXFileReference; lastKnownFileType = file.storyboard; name = Base; path = Base.lproj/LaunchScreen.storyboard; sourceTree = "<group>"; };
		18CCC90F24999BA200F93082 /* Info.plist */ = {isa = PBXFileReference; lastKnownFileType = text.plist.xml; path = Info.plist; sourceTree = "<group>"; };
/* End PBXFileReference section */

/* Begin PBXFrameworksBuildPhase section */
		18CCC8FB24999B9C00F93082 /* Frameworks */ = {
			isa = PBXFrameworksBuildPhase;
			buildActionMask = 2147483647;
			files = (
			);
			runOnlyForDeploymentPostprocessing = 0;
		};
/* End PBXFrameworksBuildPhase section */

/* Begin PBXGroup section */
		18CCC8F524999B9B00F93082 = {
			isa = PBXGroup;
			children = (
				18CCC90024999B9C00F93082 /* toVisitPlaces_ram_c0779370 */,
				18CCC8FF24999B9C00F93082 /* Products */,
			);
			sourceTree = "<group>";
		};
		18CCC8FF24999B9C00F93082 /* Products */ = {
			isa = PBXGroup;
			children = (
				18CCC8FE24999B9C00F93082 /* toVisitPlaces_ram_c0779370.app */,
			);
			name = Products;
			sourceTree = "<group>";
		};
		18CCC90024999B9C00F93082 /* toVisitPlaces_ram_c0779370 */ = {
			isa = PBXGroup;
			children = (
				18CCC90124999B9C00F93082 /* AppDelegate.swift */,
				18CCC90324999B9C00F93082 /* SceneDelegate.swift */,
				18CCC90524999B9C00F93082 /* ViewController.swift */,
				18CCC90724999B9C00F93082 /* Main.storyboard */,
				18CCC90A24999BA200F93082 /* Assets.xcassets */,
				18CCC90C24999BA200F93082 /* LaunchScreen.storyboard */,
				18CCC90F24999BA200F93082 /* Info.plist */,
			);
			path = toVisitPlaces_ram_c0779370;
			sourceTree = "<group>";
		};
/* End PBXGroup section */

/* Begin PBXNativeTarget section */
		18CCC8FD24999B9C00F93082 /* toVisitPlaces_ram_c0779370 */ = {
			isa = PBXNativeTarget;
			buildConfigurationList = 18CCC91224999BA200F93082 /* Build configuration list for PBXNativeTarget "toVisitPlaces_ram_c0779370" */;
			buildPhases = (
				18CCC8FA24999B9C00F93082 /* Sources */,
				18CCC8FB24999B9C00F93082 /* Frameworks */,
				18CCC8FC24999B9C00F93082 /* Resources */,
			);
			buildRules = (
			);
			dependencies = (
			);
			name = toVisitPlaces_ram_c0779370;
			productName = toVisitPlaces_ram_c0779370;
			productReference = 18CCC8FE24999B9C00F93082 /* toVisitPlaces_ram_c0779370.app */;
			productType = "com.apple.product-type.application";
		};
/* End PBXNativeTarget section */

/* Begin PBXProject section */
		18CCC8F624999B9B00F93082 /* Project object */ = {
			isa = PBXProject;
			attributes = {
				LastSwiftUpdateCheck = 1130;
				LastUpgradeCheck = 1130;
				ORGANIZATIONNAME = rs_chakar;
				TargetAttributes = {
					18CCC8FD24999B9C00F93082 = {
						CreatedOnToolsVersion = 11.3;
					};
				};
			};
			buildConfigurationList = 18CCC8F924999B9B00F93082 /* Build configuration list for PBXProject "toVisitPlaces_ram_c0779370" */;
			compatibilityVersion = "Xcode 9.3";
			developmentRegion = en;
			hasScannedForEncodings = 0;
			knownRegions = (
				en,
				Base,
			);
			mainGroup = 18CCC8F524999B9B00F93082;
			productRefGroup = 18CCC8FF24999B9C00F93082 /* Products */;
			projectDirPath = "";
			projectRoot = "";
			targets = (
				18CCC8FD24999B9C00F93082 /* toVisitPlaces_ram_c0779370 */,
			);
		};
/* End PBXProject section */

/* Begin PBXResourcesBuildPhase section */
		18CCC8FC24999B9C00F93082 /* Resources */ = {
			isa = PBXResourcesBuildPhase;
			buildActionMask = 2147483647;
			files = (
				18CCC90E24999BA200F93082 /* LaunchScreen.storyboard in Resources */,
				18CCC90B24999BA200F93082 /* Assets.xcassets in Resources */,
				18CCC90924999B9C00F93082 /* Main.storyboard in Resources */,
			);
			runOnlyForDeploymentPostprocessing = 0;
		};
/* End PBXResourcesBuildPhase section */

/* Begin PBXSourcesBuildPhase section */
		18CCC8FA24999B9C00F93082 /* Sources */ = {
			isa = PBXSourcesBuildPhase;
			buildActionMask = 2147483647;
			files = (
				18CCC90624999B9C00F93082 /* ViewController.swift in Sources */,
				18CCC90224999B9C00F93082 /* AppDelegate.swift in Sources */,
				18CCC90424999B9C00F93082 /* SceneDelegate.swift in Sources */,
			);
			runOnlyForDeploymentPostprocessing = 0;
		};
/* End PBXSourcesBuildPhase section */

/* Begin PBXVariantGroup section */
		18CCC90724999B9C00F93082 /* Main.storyboard */ = {
			isa = PBXVariantGroup;
			children = (
				18CCC90824999B9C00F93082 /* Base */,
			);
			name = Main.storyboard;
			sourceTree = "<group>";
		};
		18CCC90C24999BA200F93082 /* LaunchScreen.storyboard */ = {
			isa = PBXVariantGroup;
			children = (
				18CCC90D24999BA200F93082 /* Base */,
			);
			name = LaunchScreen.storyboard;
			sourceTree = "<group>";
		};
/* End PBXVariantGroup section */

/* Begin XCBuildConfiguration section */
		18CCC91024999BA200F93082 /* Debug */ = {
			isa = XCBuildConfiguration;
			buildSettings = {
				ALWAYS_SEARCH_USER_PATHS = NO;
				CLANG_ANALYZER_NONNULL = YES;
				CLANG_ANALYZER_NUMBER_OBJECT_CONVERSION = YES_AGGRESSIVE;
				CLANG_CXX_LANGUAGE_STANDARD = "gnu++14";
				CLANG_CXX_LIBRARY = "libc++";
				CLANG_ENABLE_MODULES = YES;
				CLANG_ENABLE_OBJC_ARC = YES;
				CLANG_ENABLE_OBJC_WEAK = YES;
				CLANG_WARN_BLOCK_CAPTURE_AUTORELEASING = YES;
				CLANG_WARN_BOOL_CONVERSION = YES;
				CLANG_WARN_COMMA = YES;
				CLANG_WARN_CONSTANT_CONVERSION = YES;
				CLANG_WARN_DEPRECATED_OBJC_IMPLEMENTATIONS = YES;
				CLANG_WARN_DIRECT_OBJC_ISA_USAGE = YES_ERROR;
				CLANG_WARN_DOCUMENTATION_COMMENTS = YES;
				CLANG_WARN_EMPTY_BODY = YES;
				CLANG_WARN_ENUM_CONVERSION = YES;
				CLANG_WARN_INFINITE_RECURSION = YES;
				CLANG_WARN_INT_CONVERSION = YES;
				CLANG_WARN_NON_LITERAL_NULL_CONVERSION = YES;
				CLANG_WARN_OBJC_IMPLICIT_RETAIN_SELF = YES;
				CLANG_WARN_OBJC_LITERAL_CONVERSION = YES;
				CLANG_WARN_OBJC_ROOT_CLASS = YES_ERROR;
				CLANG_WARN_RANGE_LOOP_ANALYSIS = YES;
				CLANG_WARN_STRICT_PROTOTYPES = YES;
				CLANG_WARN_SUSPICIOUS_MOVE = YES;
				CLANG_WARN_UNGUARDED_AVAILABILITY = YES_AGGRESSIVE;
				CLANG_WARN_UNREACHABLE_CODE = YES;
				CLANG_WARN__DUPLICATE_METHOD_MATCH = YES;
				COPY_PHASE_STRIP = NO;
				DEBUG_INFORMATION_FORMAT = dwarf;
				ENABLE_STRICT_OBJC_MSGSEND = YES;
				ENABLE_TESTABILITY = YES;
				GCC_C_LANGUAGE_STANDARD = gnu11;
				GCC_DYNAMIC_NO_PIC = NO;
				GCC_NO_COMMON_BLOCKS = YES;
				GCC_OPTIMIZATION_LEVEL = 0;
				GCC_PREPROCESSOR_DEFINITIONS = (
					"DEBUG=1",
					"$(inherited)",
				);
				GCC_WARN_64_TO_32_BIT_CONVERSION = YES;
				GCC_WARN_ABOUT_RETURN_TYPE = YES_ERROR;
				GCC_WARN_UNDECLARED_SELECTOR = YES;
				GCC_WARN_UNINITIALIZED_AUTOS = YES_AGGRESSIVE;
				GCC_WARN_UNUSED_FUNCTION = YES;
				GCC_WARN_UNUSED_VARIABLE = YES;
				IPHONEOS_DEPLOYMENT_TARGET = 13.2;
				MTL_ENABLE_DEBUG_INFO = INCLUDE_SOURCE;
				MTL_FAST_MATH = YES;
				ONLY_ACTIVE_ARCH = YES;
				SDKROOT = iphoneos;
				SWIFT_ACTIVE_COMPILATION_CONDITIONS = DEBUG;
				SWIFT_OPTIMIZATION_LEVEL = "-Onone";
			};
			name = Debug;
		};
		18CCC91124999BA200F93082 /* Release */ = {
			isa = XCBuildConfiguration;
			buildSettings = {
				ALWAYS_SEARCH_USER_PATHS = NO;
				CLANG_ANALYZER_NONNULL = YES;
				CLANG_ANALYZER_NUMBER_OBJECT_CONVERSION = YES_AGGRESSIVE;
				CLANG_CXX_LANGUAGE_STANDARD = "gnu++14";
				CLANG_CXX_LIBRARY = "libc++";
				CLANG_ENABLE_MODULES = YES;
				CLANG_ENABLE_OBJC_ARC = YES;
				CLANG_ENABLE_OBJC_WEAK = YES;
				CLANG_WARN_BLOCK_CAPTURE_AUTORELEASING = YES;
				CLANG_WARN_BOOL_CONVERSION = YES;
				CLANG_WARN_COMMA = YES;
				CLANG_WARN_CONSTANT_CONVERSION = YES;
				CLANG_WARN_DEPRECATED_OBJC_IMPLEMENTATIONS = YES;
				CLANG_WARN_DIRECT_OBJC_ISA_USAGE = YES_ERROR;
				CLANG_WARN_DOCUMENTATION_COMMENTS = YES;
				CLANG_WARN_EMPTY_BODY = YES;
				CLANG_WARN_ENUM_CONVERSION = YES;
				CLANG_WARN_INFINITE_RECURSION = YES;
				CLANG_WARN_INT_CONVERSION = YES;
				CLANG_WARN_NON_LITERAL_NULL_CONVERSION = YES;
				CLANG_WARN_OBJC_IMPLICIT_RETAIN_SELF = YES;
				CLANG_WARN_OBJC_LITERAL_CONVERSION = YES;
				CLANG_WARN_OBJC_ROOT_CLASS = YES_ERROR;
				CLANG_WARN_RANGE_LOOP_ANALYSIS = YES;
				CLANG_WARN_STRICT_PROTOTYPES = YES;
				CLANG_WARN_SUSPICIOUS_MOVE = YES;
				CLANG_WARN_UNGUARDED_AVAILABILITY = YES_AGGRESSIVE;
				CLANG_WARN_UNREACHABLE_CODE = YES;
				CLANG_WARN__DUPLICATE_METHOD_MATCH = YES;
				COPY_PHASE_STRIP = NO;
				DEBUG_INFORMATION_FORMAT = "dwarf-with-dsym";
				ENABLE_NS_ASSERTIONS = NO;
				ENABLE_STRICT_OBJC_MSGSEND = YES;
				GCC_C_LANGUAGE_STANDARD = gnu11;
				GCC_NO_COMMON_BLOCKS = YES;
				GCC_WARN_64_TO_32_BIT_CONVERSION = YES;
				GCC_WARN_ABOUT_RETURN_TYPE = YES_ERROR;
				GCC_WARN_UNDECLARED_SELECTOR = YES;
				GCC_WARN_UNINITIALIZED_AUTOS = YES_AGGRESSIVE;
				GCC_WARN_UNUSED_FUNCTION = YES;
				GCC_WARN_UNUSED_VARIABLE = YES;
				IPHONEOS_DEPLOYMENT_TARGET = 13.2;
				MTL_ENABLE_DEBUG_INFO = NO;
				MTL_FAST_MATH = YES;
				SDKROOT = iphoneos;
				SWIFT_COMPILATION_MODE = wholemodule;
				SWIFT_OPTIMIZATION_LEVEL = "-O";
				VALIDATE_PRODUCT = YES;
			};
			name = Release;
		};
		18CCC91324999BA200F93082 /* Debug */ = {
			isa = XCBuildConfiguration;
			buildSettings = {
				ASSETCATALOG_COMPILER_APPICON_NAME = AppIcon;
				CODE_SIGN_STYLE = Automatic;
				DEVELOPMENT_TEAM = CHZ6J97SA2;
				INFOPLIST_FILE = toVisitPlaces_ram_c0779370/Info.plist;
				LD_RUNPATH_SEARCH_PATHS = (
					"$(inherited)",
					"@executable_path/Frameworks",
				);
				PRODUCT_BUNDLE_IDENTIFIER = "swift.toVisitPlaces-ram-c0779370";
				PRODUCT_NAME = "$(TARGET_NAME)";
				SWIFT_VERSION = 5.0;
				TARGETED_DEVICE_FAMILY = "1,2";
			};
			name = Debug;
		};
		18CCC91424999BA200F93082 /* Release */ = {
			isa = XCBuildConfiguration;
			buildSettings = {
				ASSETCATALOG_COMPILER_APPICON_NAME = AppIcon;
				CODE_SIGN_STYLE = Automatic;
				DEVELOPMENT_TEAM = CHZ6J97SA2;
				INFOPLIST_FILE = toVisitPlaces_ram_c0779370/Info.plist;
				LD_RUNPATH_SEARCH_PATHS = (
					"$(inherited)",
					"@executable_path/Frameworks",
				);
				PRODUCT_BUNDLE_IDENTIFIER = "swift.toVisitPlaces-ram-c0779370";
				PRODUCT_NAME = "$(TARGET_NAME)";
				SWIFT_VERSION = 5.0;
				TARGETED_DEVICE_FAMILY = "1,2";
			};
			name = Release;
		};
/* End XCBuildConfiguration section */

/* Begin XCConfigurationList section */
		18CCC8F924999B9B00F93082 /* Build configuration list for PBXProject "toVisitPlaces_ram_c0779370" */ = {
			isa = XCConfigurationList;
			buildConfigurations = (
				18CCC91024999BA200F93082 /* Debug */,
				18CCC91124999BA200F93082 /* Release */,
			);
			defaultConfigurationIsVisible = 0;
			defaultConfigurationName = Release;
		};
		18CCC91224999BA200F93082 /* Build configuration list for PBXNativeTarget "toVisitPlaces_ram_c0779370" */ = {
			isa = XCConfigurationList;
			buildConfigurations = (
				18CCC91324999BA200F93082 /* Debug */,
				18CCC91424999BA200F93082 /* Release */,
			);
			defaultConfigurationIsVisible = 0;
			defaultConfigurationName = Release;
		};
/* End XCConfigurationList section */
	};
	rootObject = 18CCC8F624999B9B00F93082 /* Project object */;
}
